
Microsoft Visual Studio Solution File, Format Version 12.00
# Visual Studio Version 17
VisualStudioVersion = 17.7.34009.444
MinimumVisualStudioVersion = 10.0.40219.1
Project("{FAE04EC0-301F-11D3-BF4B-00C04F79EFBC}") = "Urun_Takip", "Urun_Takip\Urun_Takip.csproj", "{08C165A8-161D-45D0-AD52-0378C570EF65}"
EndProject
Global
	GlobalSection(SolutionConfigurationPlatforms) = preSolution
		Debug|Any CPU = Debug|Any CPU
		Release|Any CPU = Release|Any CPU
	EndGlobalSection
	GlobalSection(ProjectConfigurationPlatforms) = postSolution
		{08C165A8-161D-45D0-AD52-0378C570EF65}.Debug|Any CPU.ActiveCfg = Debug|Any CPU
		{08C165A8-161D-45D0-AD52-0378C570EF65}.Debug|Any CPU.Build.0 = Debug|Any CPU
		{08C165A8-161D-45D0-AD52-0378C570EF65}.Release|Any CPU.ActiveCfg = Release|Any CPU
		{08C165A8-161D-45D0-AD52-0378C570EF65}.Release|Any CPU.Build.0 = Release|Any CPU
	EndGlobalSection
	GlobalSection(SolutionProperties) = preSolution
		HideSolutionNode = FALSE
	EndGlobalSection
	GlobalSection(ExtensibilityGlobals) = postSolution
		SolutionGuid = {7EF16080-BDC0-4441-AA5D-C44C7539B458}
	EndGlobalSection
EndGlobal
